
Microsoft Visual Studio Solution File, Format Version 12.00
# Visual Studio Version 17
VisualStudioVersion = 17.6.33829.357
MinimumVisualStudioVersion = 10.0.40219.1
Project("{FAE04EC0-301F-11D3-BF4B-00C04F79EFBC}") = "Fit5032_MyModelFirst", "Fit5032_MyModelFirst\Fit5032_MyModelFirst.csproj", "{AE09C79E-9A84-4810-834E-F6FCF82F0764}"
EndProject
Global
	GlobalSection(SolutionConfigurationPlatforms) = preSolution
		Debug|Any CPU = Debug|Any CPU
		Release|Any CPU = Release|Any CPU
	EndGlobalSection
	GlobalSection(ProjectConfigurationPlatforms) = postSolution
		{AE09C79E-9A84-4810-834E-F6FCF82F0764}.Debug|Any CPU.ActiveCfg = Debug|Any CPU
		{AE09C79E-9A84-4810-834E-F6FCF82F0764}.Debug|Any CPU.Build.0 = Debug|Any CPU
		{AE09C79E-9A84-4810-834E-F6FCF82F0764}.Release|Any CPU.ActiveCfg = Release|Any CPU
		{AE09C79E-9A84-4810-834E-F6FCF82F0764}.Release|Any CPU.Build.0 = Release|Any CPU
	EndGlobalSection
	GlobalSection(SolutionProperties) = preSolution
		HideSolutionNode = FALSE
	EndGlobalSection
	GlobalSection(ExtensibilityGlobals) = postSolution
		SolutionGuid = {4953996C-C354-4E99-997C-4CFFAED696B4}
	EndGlobalSection
EndGlobal
